
Microsoft Visual Studio Solution File, Format Version 12.00
# Visual Studio Version 16
VisualStudioVersion = 25.0.1700.6
MinimumVisualStudioVersion = 10.0.40219.1
Project("{FAE04EC0-301F-11D3-BF4B-00C04F79EFBC}") = "WordUnscambler", "WordUnscambler\WordUnscambler.csproj", "{2CE9FE47-F7EE-4561-AC1D-3BE7BE6548DD}"
EndProject
Global
	GlobalSection(SolutionConfigurationPlatforms) = preSolution
		Debug|Any CPU = Debug|Any CPU
		Release|Any CPU = Release|Any CPU
	EndGlobalSection
	GlobalSection(ProjectConfigurationPlatforms) = postSolution
		{2CE9FE47-F7EE-4561-AC1D-3BE7BE6548DD}.Debug|Any CPU.ActiveCfg = Debug|Any CPU
		{2CE9FE47-F7EE-4561-AC1D-3BE7BE6548DD}.Debug|Any CPU.Build.0 = Debug|Any CPU
		{2CE9FE47-F7EE-4561-AC1D-3BE7BE6548DD}.Release|Any CPU.ActiveCfg = Release|Any CPU
		{2CE9FE47-F7EE-4561-AC1D-3BE7BE6548DD}.Release|Any CPU.Build.0 = Release|Any CPU
	EndGlobalSection
	GlobalSection(SolutionProperties) = preSolution
		HideSolutionNode = FALSE
	EndGlobalSection
	GlobalSection(ExtensibilityGlobals) = postSolution
		SolutionGuid = {7EBC2CE2-B861-426F-8BA9-335A69F89170}
	EndGlobalSection
EndGlobal
